{
  "name": "apex-craft",
  "version": "1.0.0",
  "lockfileVersion": 3,
  "requires": true,
  "packages": {
    "": {
      "name": "apex-craft",
      "version": "1.0.0",
      "license": "ISC",
      "dependencies": {
        "create-next-app": "^15.1.6",
        "react": "^19.0.0",
        "react-dom": "^19.0.0",
        "reactdom": "^2.0.0"
      }
    },
    "node_modules/create-next-app": {
      "version": "15.1.6",
      "resolved": "https://registry.npmjs.org/create-next-app/-/create-next-app-15.1.6.tgz",
      "integrity": "sha512-RxgPXJh1ofWCMhS+X9O/umfddzX80dMgkvpHHJGaLxP8z4RZoaWaiyg5jZRvtl3jea3Z6xh5jTiEzWRBnEIEZw==",
      "license": "MIT",
      "bin": {
        "create-next-app": "dist/index.js"
      },
      "engines": {
        "node": ">=18.18.0"
      }
    },
    "node_modules/react": {
      "version": "19.0.0",
      "resolved": "https://registry.npmjs.org/react/-/react-19.0.0.tgz",
      "integrity": "sha512-V8AVnmPIICiWpGfm6GLzCR/W5FXLchHop40W4nXBmdlEceh16rCN8O8LNWm5bh5XUX91fh7KpA+W0TgMKmgTpQ==",
      "license": "MIT",
      "engines": {
        "node": ">=0.10.0"
      }
    },
    "node_modules/react-dom": {
      "version": "19.0.0",
      "resolved": "https://registry.npmjs.org/react-dom/-/react-dom-19.0.0.tgz",
      "integrity": "sha512-4GV5sHFG0e/0AD4X+ySy6UJd3jVl1iNsNHdpad0qhABJ11twS3TTBnseqsKurKcsNqCEFeGL3uLpVChpIO3QfQ==",
      "license": "MIT",
      "dependencies": {
        "scheduler": "^0.25.0"
      },
      "peerDependencies": {
        "react": "^19.0.0"
      }
    },
    "node_modules/reactdom": {
      "version": "2.0.0",
      "resolved": "https://registry.npmjs.org/reactdom/-/reactdom-2.0.0.tgz",
      "integrity": "sha512-uMNDdGgUECyHQwuVyt3HBAjFt07U+rKy1zFN56skgcPt7/PODbLN7OkMCevgwkX3LsGalA4/757DSVp6DX4dzA==",
      "deprecated": "Package no longer supported. Contact support@npmjs.com for more info.",
      "license": "ISC"
    },
    "node_modules/scheduler": {
      "version": "0.25.0",
      "resolved": "https://registry.npmjs.org/scheduler/-/scheduler-0.25.0.tgz",
      "integrity": "sha512-xFVuu11jh+xcO7JOAGJNOXld8/TcEHK/4CituBUeUb5hqxJLj9YuemAEuvm9gQ/+pgXYfbQuqAkiYu+u7YEsNA==",
      "license": "MIT"
    }
  }
}
